
Microsoft Visual Studio Solution File, Format Version 11.00
# Visual Studio 2010
Project("{FAE04EC0-301F-11D3-BF4B-00C04F79EFBC}") = "Assembly-CSharp", "Assembly-CSharp.csproj", "{1a0e83db-c25e-0ba0-a4c7-05f2075326ef}"
EndProject
Project("{FAE04EC0-301F-11D3-BF4B-00C04F79EFBC}") = "Assembly-CSharp", "Assembly-CSharp.Player.csproj", "{085d0eac-2cb6-b60d-08ee-79ce190c6978}"
EndProject
Global
	GlobalSection(SolutionConfigurationPlatforms) = preSolution
		Debug|Any CPU = Debug|Any CPU
	EndGlobalSection
	GlobalSection(ProjectConfigurationPlatforms) = postSolution
		{1a0e83db-c25e-0ba0-a4c7-05f2075326ef}.Debug|Any CPU.ActiveCfg = Debug|Any CPU
		{1a0e83db-c25e-0ba0-a4c7-05f2075326ef}.Debug|Any CPU.Build.0 = Debug|Any CPU
		{085d0eac-2cb6-b60d-08ee-79ce190c6978}.Debug|Any CPU.ActiveCfg = Debug|Any CPU
		{085d0eac-2cb6-b60d-08ee-79ce190c6978}.Debug|Any CPU.Build.0 = Debug|Any CPU
	EndGlobalSection
	GlobalSection(SolutionProperties) = preSolution
		HideSolutionNode = FALSE
	EndGlobalSection
EndGlobal
